
Microsoft Visual Studio Solution File, Format Version 12.00
# Visual Studio Version 17
VisualStudioVersion = 17.2.32616.157
MinimumVisualStudioVersion = 10.0.40219.1
Project("{FAE04EC0-301F-11D3-BF4B-00C04F79EFBC}") = "la-mia-pizzeria-mvc-refactoring", "la-mia-pizzeria-mvc-refactoring.csproj", "{CE6F98C9-54BF-4D22-AD6F-6BC7D6556313}"
EndProject
Global
	GlobalSection(SolutionConfigurationPlatforms) = preSolution
		Debug|Any CPU = Debug|Any CPU
		Release|Any CPU = Release|Any CPU
	EndGlobalSection
	GlobalSection(ProjectConfigurationPlatforms) = postSolution
		{CE6F98C9-54BF-4D22-AD6F-6BC7D6556313}.Debug|Any CPU.ActiveCfg = Debug|Any CPU
		{CE6F98C9-54BF-4D22-AD6F-6BC7D6556313}.Debug|Any CPU.Build.0 = Debug|Any CPU
		{CE6F98C9-54BF-4D22-AD6F-6BC7D6556313}.Release|Any CPU.ActiveCfg = Release|Any CPU
		{CE6F98C9-54BF-4D22-AD6F-6BC7D6556313}.Release|Any CPU.Build.0 = Release|Any CPU
	EndGlobalSection
	GlobalSection(SolutionProperties) = preSolution
		HideSolutionNode = FALSE
	EndGlobalSection
	GlobalSection(ExtensibilityGlobals) = postSolution
		SolutionGuid = {1A08FD6D-11D2-40E6-A301-9BB005323AA1}
	EndGlobalSection
EndGlobal
